# ============================================================
# Xiehaoyu-Agent 锁定依赖版本
# 生成命令: pip freeze | grep -E "..."
# 生成日期: 2026-08-04
# Python:    3.11
# ============================================================

# Web & API
fastapi==0.139.2
pydantic==2.13.4
pydantic_core==2.46.4
pydantic-settings==2.14.2
uvicorn==0.51.0

# LLM / Agent
langgraph==1.2.9
langgraph-checkpoint==4.1.1
langgraph-prebuilt==1.1.0
langgraph-sdk==0.4.2
langchain-core==1.5.0
langchain-protocol==0.0.18
openai==2.46.0
httpx==0.28.1

# RAG / Vector DB
chromadb==1.5.9
sentence-transformers==5.6.0

# Data & SQL
SQLAlchemy==2.0.51
sqlparse==0.5.5
pandas==3.0.3
plotly==6.9.0

# Config
python-dotenv==1.2.2